// !$*UTF8*$!
{
	archiveVersion = 1;
	classes = {
	};
	objectVersion = 51;
	objects = {

/* Begin PBXBuildFile section */
		040095B625B5FBE90049722C /* GoogleService-Info.plist in Resources */ = {isa = PBXBuildFile; fileRef = 040095B525B5FBE90049722C /* GoogleService-Info.plist */; };
		040095F525B618560049722C /* SignInWithGoogle.swift in Sources */ = {isa = PBXBuildFile; fileRef = 040095F425B618560049722C /* SignInWithGoogle.swift */; };
		040095F925B621400049722C /* AuthService.swift in Sources */ = {isa = PBXBuildFile; fileRef = 040095F825B621400049722C /* AuthService.swift */; };
		0400961725B631FE0049722C /* Enums & Structs.swift in Sources */ = {isa = PBXBuildFile; fileRef = 0400961625B631FE0049722C /* Enums & Structs.swift */; };
		0400963525B6377D0049722C /* ImageManager.swift in Sources */ = {isa = PBXBuildFile; fileRef = 0400963425B6377D0049722C /* ImageManager.swift */; };
		0400975625B730990049722C /* DataService.swift in Sources */ = {isa = PBXBuildFile; fileRef = 0400975525B730990049722C /* DataService.swift */; };
		0400977325B7743E0049722C /* LazyView.swift in Sources */ = {isa = PBXBuildFile; fileRef = 0400977225B7743E0049722C /* LazyView.swift */; };
		0400977625B8A3E40049722C /* AnalyticsService.swift in Sources */ = {isa = PBXBuildFile; fileRef = 0400977525B8A3E40049722C /* AnalyticsService.swift */; };
		0401869A25B0E7AC003B34AA /* CatGramApp.swift in Sources */ = {isa = PBXBuildFile; fileRef = 0401869925B0E7AC003B34AA /* CatGramApp.swift */; };
		0401869C25B0E7AC003B34AA /* ContentView.swift in Sources */ = {isa = PBXBuildFile; fileRef = 0401869B25B0E7AC003B34AA /* ContentView.swift */; };
		0401869E25B0E7B0003B34AA /* Assets.xcassets in Resources */ = {isa = PBXBuildFile; fileRef = 0401869D25B0E7B0003B34AA /* Assets.xcassets */; };
		040186A125B0E7B0003B34AA /* Preview Assets.xcassets in Resources */ = {isa = PBXBuildFile; fileRef = 040186A025B0E7B0003B34AA /* Preview Assets.xcassets */; };
		040186AC25B0EBBE003B34AA /* LaunchScreen.storyboard in Resources */ = {isa = PBXBuildFile; fileRef = 040186AB25B0EBBE003B34AA /* LaunchScreen.storyboard */; };
		040186B525B0F248003B34AA /* Extensions.swift in Sources */ = {isa = PBXBuildFile; fileRef = 040186B425B0F248003B34AA /* Extensions.swift */; };
		040186B925B0F33C003B34AA /* FeedView.swift in Sources */ = {isa = PBXBuildFile; fileRef = 040186B825B0F33C003B34AA /* FeedView.swift */; };
		040186BC25B0F4C6003B34AA /* PostView.swift in Sources */ = {isa = PBXBuildFile; fileRef = 040186BB25B0F4C6003B34AA /* PostView.swift */; };
		040186C025B0FC14003B34AA /* PostModel.swift in Sources */ = {isa = PBXBuildFile; fileRef = 040186BF25B0FC14003B34AA /* PostModel.swift */; };
		040186C425B10056003B34AA /* PostArrayObject.swift in Sources */ = {isa = PBXBuildFile; fileRef = 040186C325B10056003B34AA /* PostArrayObject.swift */; };
		040186C725B10E24003B34AA /* CommentsView.swift in Sources */ = {isa = PBXBuildFile; fileRef = 040186C625B10E24003B34AA /* CommentsView.swift */; };
		040186CA25B111C1003B34AA /* MessageView.swift in Sources */ = {isa = PBXBuildFile; fileRef = 040186C925B111C1003B34AA /* MessageView.swift */; };
		040186CD25B112D3003B34AA /* CommentModel.swift in Sources */ = {isa = PBXBuildFile; fileRef = 040186CC25B112D3003B34AA /* CommentModel.swift */; };
		040186D425B1E0A2003B34AA /* BrowserView.swift in Sources */ = {isa = PBXBuildFile; fileRef = 040186D325B1E0A2003B34AA /* BrowserView.swift */; };
		040186D725B1E135003B34AA /* CarouselView.swift in Sources */ = {isa = PBXBuildFile; fileRef = 040186D625B1E135003B34AA /* CarouselView.swift */; };
		040186DA25B1E81A003B34AA /* ImageGridView.swift in Sources */ = {isa = PBXBuildFile; fileRef = 040186D925B1E81A003B34AA /* ImageGridView.swift */; };
		04B18E4E25B1EF6700EBBF0E /* UploadView.swift in Sources */ = {isa = PBXBuildFile; fileRef = 04B18E4D25B1EF6700EBBF0E /* UploadView.swift */; };
		04B18E5125B1F24400EBBF0E /* ImagePicker.swift in Sources */ = {isa = PBXBuildFile; fileRef = 04B18E5025B1F24400EBBF0E /* ImagePicker.swift */; };
		04DB14EC25B218880088E069 /* PostImageView.swift in Sources */ = {isa = PBXBuildFile; fileRef = 04DB14EB25B218880088E069 /* PostImageView.swift */; };
		04DB14EF25B224A10088E069 /* ProfileView.swift in Sources */ = {isa = PBXBuildFile; fileRef = 04DB14EE25B224A10088E069 /* ProfileView.swift */; };
		04DB14F225B2257A0088E069 /* ProfileHeaderView.swift in Sources */ = {isa = PBXBuildFile; fileRef = 04DB14F125B2257A0088E069 /* ProfileHeaderView.swift */; };
		04DB14F525B2311F0088E069 /* SettingsView.swift in Sources */ = {isa = PBXBuildFile; fileRef = 04DB14F425B2311F0088E069 /* SettingsView.swift */; };
		04DB150225B235640088E069 /* SettingsLabelView.swift in Sources */ = {isa = PBXBuildFile; fileRef = 04DB150125B235640088E069 /* SettingsLabelView.swift */; };
		04DB150525B237FA0088E069 /* SettingsRowView.swift in Sources */ = {isa = PBXBuildFile; fileRef = 04DB150425B237FA0088E069 /* SettingsRowView.swift */; };
		04DB150825B23D950088E069 /* SettingsEditTextView.swift in Sources */ = {isa = PBXBuildFile; fileRef = 04DB150725B23D950088E069 /* SettingsEditTextView.swift */; };
		04DB150B25B2460D0088E069 /* SettingsEditImageView.swift in Sources */ = {isa = PBXBuildFile; fileRef = 04DB150A25B2460D0088E069 /* SettingsEditImageView.swift */; };
		04DB150E25B253480088E069 /* SignUpView.swift in Sources */ = {isa = PBXBuildFile; fileRef = 04DB150D25B253480088E069 /* SignUpView.swift */; };
		04DB151125B256A60088E069 /* OnboardingView.swift in Sources */ = {isa = PBXBuildFile; fileRef = 04DB151025B256A60088E069 /* OnboardingView.swift */; };
		04DB151425B258B60088E069 /* SignInWithAppleButtonCustom.swift in Sources */ = {isa = PBXBuildFile; fileRef = 04DB151325B258B60088E069 /* SignInWithAppleButtonCustom.swift */; };
		04DB151725B25B500088E069 /* OnboardingViewPart2.swift in Sources */ = {isa = PBXBuildFile; fileRef = 04DB151625B25B500088E069 /* OnboardingViewPart2.swift */; };
		1205785425B5447900EF7DBC /* LikeAnimationView.swift in Sources */ = {isa = PBXBuildFile; fileRef = 1205785325B5447900EF7DBC /* LikeAnimationView.swift */; };
		1294AEFE269D37AE00ADE6EA /* AuthViewModel.swift in Sources */ = {isa = PBXBuildFile; fileRef = 1294AEFD269D37AE00ADE6EA /* AuthViewModel.swift */; };
		1294AF00269D39C900ADE6EA /* User.swift in Sources */ = {isa = PBXBuildFile; fileRef = 1294AEFF269D39C900ADE6EA /* User.swift */; };
		522840467408CC536CDC3B12 /* Pods_CatGram.framework in Frameworks */ = {isa = PBXBuildFile; fileRef = 073DA4A3479033B7C029E597 /* Pods_CatGram.framework */; };
/* End PBXBuildFile section */

/* Begin PBXFileReference section */
		040095B525B5FBE90049722C /* GoogleService-Info.plist */ = {isa = PBXFileReference; fileEncoding = 4; lastKnownFileType = text.plist.xml; path = "GoogleService-Info.plist"; sourceTree = "<group>"; };
		040095F425B618560049722C /* SignInWithGoogle.swift */ = {isa = PBXFileReference; lastKnownFileType = sourcecode.swift; path = SignInWithGoogle.swift; sourceTree = "<group>"; };
		040095F825B621400049722C /* AuthService.swift */ = {isa = PBXFileReference; lastKnownFileType = sourcecode.swift; path = AuthService.swift; sourceTree = "<group>"; };
		0400961625B631FE0049722C /* Enums & Structs.swift */ = {isa = PBXFileReference; lastKnownFileType = sourcecode.swift; path = "Enums & Structs.swift"; sourceTree = "<group>"; };
		0400963425B6377D0049722C /* ImageManager.swift */ = {isa = PBXFileReference; lastKnownFileType = sourcecode.swift; path = ImageManager.swift; sourceTree = "<group>"; };
		0400975525B730990049722C /* DataService.swift */ = {isa = PBXFileReference; lastKnownFileType = sourcecode.swift; path = DataService.swift; sourceTree = "<group>"; };
		0400977225B7743E0049722C /* LazyView.swift */ = {isa = PBXFileReference; lastKnownFileType = sourcecode.swift; path = LazyView.swift; sourceTree = "<group>"; };
		0400977525B8A3E40049722C /* AnalyticsService.swift */ = {isa = PBXFileReference; lastKnownFileType = sourcecode.swift; path = AnalyticsService.swift; sourceTree = "<group>"; };
		0401869625B0E7AC003B34AA /* CatGram.app */ = {isa = PBXFileReference; explicitFileType = wrapper.application; includeInIndex = 0; path = CatGram.app; sourceTree = BUILT_PRODUCTS_DIR; };
		0401869925B0E7AC003B34AA /* CatGramApp.swift */ = {isa = PBXFileReference; lastKnownFileType = sourcecode.swift; path = CatGramApp.swift; sourceTree = "<group>"; };
		0401869B25B0E7AC003B34AA /* ContentView.swift */ = {isa = PBXFileReference; lastKnownFileType = sourcecode.swift; path = ContentView.swift; sourceTree = "<group>"; };
		0401869D25B0E7B0003B34AA /* Assets.xcassets */ = {isa = PBXFileReference; lastKnownFileType = folder.assetcatalog; path = Assets.xcassets; sourceTree = "<group>"; };
		040186A025B0E7B0003B34AA /* Preview Assets.xcassets */ = {isa = PBXFileReference; lastKnownFileType = folder.assetcatalog; path = "Preview Assets.xcassets"; sourceTree = "<group>"; };
		040186A225B0E7B0003B34AA /* Info.plist */ = {isa = PBXFileReference; lastKnownFileType = text.plist.xml; path = Info.plist; sourceTree = "<group>"; };
		040186AB25B0EBBE003B34AA /* LaunchScreen.storyboard */ = {isa = PBXFileReference; lastKnownFileType = file.storyboard; path = LaunchScreen.storyboard; sourceTree = "<group>"; };
		040186B425B0F248003B34AA /* Extensions.swift */ = {isa = PBXFileReference; lastKnownFileType = sourcecode.swift; path = Extensions.swift; sourceTree = "<group>"; };
		040186B825B0F33C003B34AA /* FeedView.swift */ = {isa = PBXFileReference; lastKnownFileType = sourcecode.swift; path = FeedView.swift; sourceTree = "<group>"; };
		040186BB25B0F4C6003B34AA /* PostView.swift */ = {isa = PBXFileReference; lastKnownFileType = sourcecode.swift; path = PostView.swift; sourceTree = "<group>"; };
		040186BF25B0FC14003B34AA /* PostModel.swift */ = {isa = PBXFileReference; lastKnownFileType = sourcecode.swift; path = PostModel.swift; sourceTree = "<group>"; };
		040186C325B10056003B34AA /* PostArrayObject.swift */ = {isa = PBXFileReference; lastKnownFileType = sourcecode.swift; path = PostArrayObject.swift; sourceTree = "<group>"; };
		040186C625B10E24003B34AA /* CommentsView.swift */ = {isa = PBXFileReference; lastKnownFileType = sourcecode.swift; path = CommentsView.swift; sourceTree = "<group>"; };
		040186C925B111C1003B34AA /* MessageView.swift */ = {isa = PBXFileReference; lastKnownFileType = sourcecode.swift; path = MessageView.swift; sourceTree = "<group>"; };
		040186CC25B112D3003B34AA /* CommentModel.swift */ = {isa = PBXFileReference; lastKnownFileType = sourcecode.swift; path = CommentModel.swift; sourceTree = "<group>"; };
		040186D325B1E0A2003B34AA /* BrowserView.swift */ = {isa = PBXFileReference; lastKnownFileType = sourcecode.swift; path = BrowserView.swift; sourceTree = "<group>"; };
		040186D625B1E135003B34AA /* CarouselView.swift */ = {isa = PBXFileReference; lastKnownFileType = sourcecode.swift; path = CarouselView.swift; sourceTree = "<group>"; };
		040186D925B1E81A003B34AA /* ImageGridView.swift */ = {isa = PBXFileReference; lastKnownFileType = sourcecode.swift; path = ImageGridView.swift; sourceTree = "<group>"; };
		04B18E4D25B1EF6700EBBF0E /* UploadView.swift */ = {isa = PBXFileReference; lastKnownFileType = sourcecode.swift; path = UploadView.swift; sourceTree = "<group>"; };
		04B18E5025B1F24400EBBF0E /* ImagePicker.swift */ = {isa = PBXFileReference; lastKnownFileType = sourcecode.swift; path = ImagePicker.swift; sourceTree = "<group>"; };
		04DB14EB25B218880088E069 /* PostImageView.swift */ = {isa = PBXFileReference; lastKnownFileType = sourcecode.swift; path = PostImageView.swift; sourceTree = "<group>"; };
		04DB14EE25B224A10088E069 /* ProfileView.swift */ = {isa = PBXFileReference; lastKnownFileType = sourcecode.swift; path = ProfileView.swift; sourceTree = "<group>"; };
		04DB14F125B2257A0088E069 /* ProfileHeaderView.swift */ = {isa = PBXFileReference; lastKnownFileType = sourcecode.swift; path = ProfileHeaderView.swift; sourceTree = "<group>"; };
		04DB14F425B2311F0088E069 /* SettingsView.swift */ = {isa = PBXFileReference; lastKnownFileType = sourcecode.swift; path = SettingsView.swift; sourceTree = "<group>"; };
		04DB150125B235640088E069 /* SettingsLabelView.swift */ = {isa = PBXFileReference; lastKnownFileType = sourcecode.swift; path = SettingsLabelView.swift; sourceTree = "<group>"; };
		04DB150425B237FA0088E069 /* SettingsRowView.swift */ = {isa = PBXFileReference; lastKnownFileType = sourcecode.swift; path = SettingsRowView.swift; sourceTree = "<group>"; };
		04DB150725B23D950088E069 /* SettingsEditTextView.swift */ = {isa = PBXFileReference; lastKnownFileType = sourcecode.swift; path = SettingsEditTextView.swift; sourceTree = "<group>"; };
		04DB150A25B2460D0088E069 /* SettingsEditImageView.swift */ = {isa = PBXFileReference; lastKnownFileType = sourcecode.swift; path = SettingsEditImageView.swift; sourceTree = "<group>"; };
		04DB150D25B253480088E069 /* SignUpView.swift */ = {isa = PBXFileReference; lastKnownFileType = sourcecode.swift; path = SignUpView.swift; sourceTree = "<group>"; };
		04DB151025B256A60088E069 /* OnboardingView.swift */ = {isa = PBXFileReference; lastKnownFileType = sourcecode.swift; path = OnboardingView.swift; sourceTree = "<group>"; };
		04DB151325B258B60088E069 /* SignInWithAppleButtonCustom.swift */ = {isa = PBXFileReference; lastKnownFileType = sourcecode.swift; path = SignInWithAppleButtonCustom.swift; sourceTree = "<group>"; };
		04DB151625B25B500088E069 /* OnboardingViewPart2.swift */ = {isa = PBXFileReference; lastKnownFileType = sourcecode.swift; path = OnboardingViewPart2.swift; sourceTree = "<group>"; };
		073DA4A3479033B7C029E597 /* Pods_CatGram.framework */ = {isa = PBXFileReference; explicitFileType = wrapper.framework; includeInIndex = 0; path = Pods_CatGram.framework; sourceTree = BUILT_PRODUCTS_DIR; };
		1205785325B5447900EF7DBC /* LikeAnimationView.swift */ = {isa = PBXFileReference; lastKnownFileType = sourcecode.swift; path = LikeAnimationView.swift; sourceTree = "<group>"; };
		1294AEFD269D37AE00ADE6EA /* AuthViewModel.swift */ = {isa = PBXFileReference; lastKnownFileType = sourcecode.swift; path = AuthViewModel.swift; sourceTree = "<group>"; };
		1294AEFF269D39C900ADE6EA /* User.swift */ = {isa = PBXFileReference; lastKnownFileType = sourcecode.swift; path = User.swift; sourceTree = "<group>"; };
		1B7721A2096EDCE65EEDB05E /* Pods-CatGram.release.xcconfig */ = {isa = PBXFileReference; includeInIndex = 1; lastKnownFileType = text.xcconfig; name = "Pods-CatGram.release.xcconfig"; path = "Target Support Files/Pods-CatGram/Pods-CatGram.release.xcconfig"; sourceTree = "<group>"; };
		1C9AD9BF0C0136A16146ED99 /* Pods-CatGram.debug.xcconfig */ = {isa = PBXFileReference; includeInIndex = 1; lastKnownFileType = text.xcconfig; name = "Pods-CatGram.debug.xcconfig"; path = "Target Support Files/Pods-CatGram/Pods-CatGram.debug.xcconfig"; sourceTree = "<group>"; };
/* End PBXFileReference section */

/* Begin PBXFrameworksBuildPhase section */
		0401869325B0E7AC003B34AA /* Frameworks */ = {
			isa = PBXFrameworksBuildPhase;
			buildActionMask = 2147483647;
			files = (
				522840467408CC536CDC3B12 /* Pods_CatGram.framework in Frameworks */,
			);
			runOnlyForDeploymentPostprocessing = 0;
		};
/* End PBXFrameworksBuildPhase section */

/* Begin PBXGroup section */
		040095EE25B617F50049722C /* Service */ = {
			isa = PBXGroup;
			children = (
				040095F725B621280049722C /* Firebase */,
				040095F425B618560049722C /* SignInWithGoogle.swift */,
			);
			path = Service;
			sourceTree = "<group>";
		};
		040095F725B621280049722C /* Firebase */ = {
			isa = PBXGroup;
			children = (
				040095F825B621400049722C /* AuthService.swift */,
				0400975525B730990049722C /* DataService.swift */,
				0400977525B8A3E40049722C /* AnalyticsService.swift */,
			);
			path = Firebase;
			sourceTree = "<group>";
		};
		0400963325B6375E0049722C /* Utils */ = {
			isa = PBXGroup;
			children = (
				0400963425B6377D0049722C /* ImageManager.swift */,
			);
			path = Utils;
			sourceTree = "<group>";
		};
		0401868D25B0E7AC003B34AA = {
			isa = PBXGroup;
			children = (
				0401869825B0E7AC003B34AA /* CatGram */,
				E2D7DB2411D63C3306027CF3 /* Frameworks */,
				D8D815D09839A36BB1A76960 /* Pods */,
				0401869725B0E7AC003B34AA /* Products */,
			);
			sourceTree = "<group>";
		};
		0401869725B0E7AC003B34AA /* Products */ = {
			isa = PBXGroup;
			children = (
				0401869625B0E7AC003B34AA /* CatGram.app */,
			);
			name = Products;
			sourceTree = "<group>";
		};
		0401869825B0E7AC003B34AA /* CatGram */ = {
			isa = PBXGroup;
			children = (
				040095B525B5FBE90049722C /* GoogleService-Info.plist */,
				040186A225B0E7B0003B34AA /* Info.plist */,
				040186AB25B0EBBE003B34AA /* LaunchScreen.storyboard */,
				0401869D25B0E7B0003B34AA /* Assets.xcassets */,
				040186B325B0F231003B34AA /* Helpers */,
				040186BE25B0FBFF003B34AA /* Model */,
				0401869F25B0E7B0003B34AA /* Preview Content */,
				040095EE25B617F50049722C /* Service */,
				0400963325B6375E0049722C /* Utils */,
				1294AEFB269D34CE00ADE6EA /* ViewModel */,
				040186AF25B0F054003B34AA /* Views */,
			);
			path = CatGram;
			sourceTree = "<group>";
		};
		0401869F25B0E7B0003B34AA /* Preview Content */ = {
			isa = PBXGroup;
			children = (
				040186A025B0E7B0003B34AA /* Preview Assets.xcassets */,
			);
			path = "Preview Content";
			sourceTree = "<group>";
		};
		040186AF25B0F054003B34AA /* Views */ = {
			isa = PBXGroup;
			children = (
				1294AF01269D3C7A00ADE6EA /* Authentication */,
				1294AEFA269D342700ADE6EA /* ProfileView */,
				1294AEF9269D341600ADE6EA /* UploadView */,
				1294AEF8269D33DB00ADE6EA /* BrowserView */,
				1294AEF7269D33A700ADE6EA /* FeedView */,
				040186B125B0F063003B34AA /* Subviews */,
				040186B025B0F05D003B34AA /* Screens */,
			);
			path = Views;
			sourceTree = "<group>";
		};
		040186B025B0F05D003B34AA /* Screens */ = {
			isa = PBXGroup;
			children = (
				0401869925B0E7AC003B34AA /* CatGramApp.swift */,
				0401869B25B0E7AC003B34AA /* ContentView.swift */,
				040186C625B10E24003B34AA /* CommentsView.swift */,
				04DB14EB25B218880088E069 /* PostImageView.swift */,
				04DB14F425B2311F0088E069 /* SettingsView.swift */,
				04DB150A25B2460D0088E069 /* SettingsEditImageView.swift */,
				04DB150725B23D950088E069 /* SettingsEditTextView.swift */,
			);
			path = Screens;
			sourceTree = "<group>";
		};
		040186B125B0F063003B34AA /* Subviews */ = {
			isa = PBXGroup;
			children = (
				040186BB25B0F4C6003B34AA /* PostView.swift */,
				040186C925B111C1003B34AA /* MessageView.swift */,
				040186D625B1E135003B34AA /* CarouselView.swift */,
				040186D925B1E81A003B34AA /* ImageGridView.swift */,
				04B18E5025B1F24400EBBF0E /* ImagePicker.swift */,
				04DB14F125B2257A0088E069 /* ProfileHeaderView.swift */,
				04DB150125B235640088E069 /* SettingsLabelView.swift */,
				04DB150425B237FA0088E069 /* SettingsRowView.swift */,
				04DB151325B258B60088E069 /* SignInWithAppleButtonCustom.swift */,
				1205785325B5447900EF7DBC /* LikeAnimationView.swift */,
			);
			path = Subviews;
			sourceTree = "<group>";
		};
		040186B325B0F231003B34AA /* Helpers */ = {
			isa = PBXGroup;
			children = (
				040186B425B0F248003B34AA /* Extensions.swift */,
				0400961625B631FE0049722C /* Enums & Structs.swift */,
				0400977225B7743E0049722C /* LazyView.swift */,
			);
			path = Helpers;
			sourceTree = "<group>";
		};
		040186BE25B0FBFF003B34AA /* Model */ = {
			isa = PBXGroup;
			children = (
				040186BF25B0FC14003B34AA /* PostModel.swift */,
				040186C325B10056003B34AA /* PostArrayObject.swift */,
				040186CC25B112D3003B34AA /* CommentModel.swift */,
				1294AEFF269D39C900ADE6EA /* User.swift */,
			);
			path = Model;
			sourceTree = "<group>";
		};
		1294AEF7269D33A700ADE6EA /* FeedView */ = {
			isa = PBXGroup;
			children = (
				040186B825B0F33C003B34AA /* FeedView.swift */,
			);
			path = FeedView;
			sourceTree = "<group>";
		};
		1294AEF8269D33DB00ADE6EA /* BrowserView */ = {
			isa = PBXGroup;
			children = (
				040186D325B1E0A2003B34AA /* BrowserView.swift */,
			);
			path = BrowserView;
			sourceTree = "<group>";
		};
		1294AEF9269D341600ADE6EA /* UploadView */ = {
			isa = PBXGroup;
			children = (
				04B18E4D25B1EF6700EBBF0E /* UploadView.swift */,
			);
			path = UploadView;
			sourceTree = "<group>";
		};
		1294AEFA269D342700ADE6EA /* ProfileView */ = {
			isa = PBXGroup;
			children = (
				04DB14EE25B224A10088E069 /* ProfileView.swift */,
			);
			path = ProfileView;
			sourceTree = "<group>";
		};
		1294AEFB269D34CE00ADE6EA /* ViewModel */ = {
			isa = PBXGroup;
			children = (
				1294AEFC269D379200ADE6EA /* Authentication */,
			);
			path = ViewModel;
			sourceTree = "<group>";
		};
		1294AEFC269D379200ADE6EA /* Authentication */ = {
			isa = PBXGroup;
			children = (
				1294AEFD269D37AE00ADE6EA /* AuthViewModel.swift */,
			);
			path = Authentication;
			sourceTree = "<group>";
		};
		1294AF01269D3C7A00ADE6EA /* Authentication */ = {
			isa = PBXGroup;
			children = (
				04DB150D25B253480088E069 /* SignUpView.swift */,
				04DB151025B256A60088E069 /* OnboardingView.swift */,
				04DB151625B25B500088E069 /* OnboardingViewPart2.swift */,
			);
			path = Authentication;
			sourceTree = "<group>";
		};
		D8D815D09839A36BB1A76960 /* Pods */ = {
			isa = PBXGroup;
			children = (
				1C9AD9BF0C0136A16146ED99 /* Pods-CatGram.debug.xcconfig */,
				1B7721A2096EDCE65EEDB05E /* Pods-CatGram.release.xcconfig */,
			);
			path = Pods;
			sourceTree = "<group>";
		};
		E2D7DB2411D63C3306027CF3 /* Frameworks */ = {
			isa = PBXGroup;
			children = (
				073DA4A3479033B7C029E597 /* Pods_CatGram.framework */,
			);
			name = Frameworks;
			sourceTree = "<group>";
		};
/* End PBXGroup section */

/* Begin PBXNativeTarget section */
		0401869525B0E7AC003B34AA /* CatGram */ = {
			isa = PBXNativeTarget;
			buildConfigurationList = 040186A525B0E7B0003B34AA /* Build configuration list for PBXNativeTarget "CatGram" */;
			buildPhases = (
				11106EC474CA02D84DE9A14F /* [CP] Check Pods Manifest.lock */,
				0401869225B0E7AC003B34AA /* Sources */,
				0401869325B0E7AC003B34AA /* Frameworks */,
				0401869425B0E7AC003B34AA /* Resources */,
				C91071F31CDD66E3CD9C477E /* [CP] Embed Pods Frameworks */,
				A4D8F08F0717424F4D7F4159 /* [CP] Copy Pods Resources */,
			);
			buildRules = (
			);
			dependencies = (
			);
			name = CatGram;
			productName = CatGram;
			productReference = 0401869625B0E7AC003B34AA /* CatGram.app */;
			productType = "com.apple.product-type.application";
		};
/* End PBXNativeTarget section */

/* Begin PBXProject section */
		0401868E25B0E7AC003B34AA /* Project object */ = {
			isa = PBXProject;
			attributes = {
				LastSwiftUpdateCheck = 1230;
				LastUpgradeCheck = 1230;
				TargetAttributes = {
					0401869525B0E7AC003B34AA = {
						CreatedOnToolsVersion = 12.3;
					};
				};
			};
			buildConfigurationList = 0401869125B0E7AC003B34AA /* Build configuration list for PBXProject "CatGram" */;
			compatibilityVersion = "Xcode 9.3";
			developmentRegion = en;
			hasScannedForEncodings = 0;
			knownRegions = (
				en,
				Base,
			);
			mainGroup = 0401868D25B0E7AC003B34AA;
			productRefGroup = 0401869725B0E7AC003B34AA /* Products */;
			projectDirPath = "";
			projectRoot = "";
			targets = (
				0401869525B0E7AC003B34AA /* CatGram */,
			);
		};
/* End PBXProject section */

/* Begin PBXResourcesBuildPhase section */
		0401869425B0E7AC003B34AA /* Resources */ = {
			isa = PBXResourcesBuildPhase;
			buildActionMask = 2147483647;
			files = (
				040186AC25B0EBBE003B34AA /* LaunchScreen.storyboard in Resources */,
				040095B625B5FBE90049722C /* GoogleService-Info.plist in Resources */,
				040186A125B0E7B0003B34AA /* Preview Assets.xcassets in Resources */,
				0401869E25B0E7B0003B34AA /* Assets.xcassets in Resources */,
			);
			runOnlyForDeploymentPostprocessing = 0;
		};
/* End PBXResourcesBuildPhase section */

/* Begin PBXShellScriptBuildPhase section */
		11106EC474CA02D84DE9A14F /* [CP] Check Pods Manifest.lock */ = {
			isa = PBXShellScriptBuildPhase;
			buildActionMask = 2147483647;
			files = (
			);
			inputFileListPaths = (
			);
			inputPaths = (
				"${PODS_PODFILE_DIR_PATH}/Podfile.lock",
				"${PODS_ROOT}/Manifest.lock",
			);
			name = "[CP] Check Pods Manifest.lock";
			outputFileListPaths = (
			);
			outputPaths = (
				"$(DERIVED_FILE_DIR)/Pods-CatGram-checkManifestLockResult.txt",
			);
			runOnlyForDeploymentPostprocessing = 0;
			shellPath = /bin/sh;
			shellScript = "diff \"${PODS_PODFILE_DIR_PATH}/Podfile.lock\" \"${PODS_ROOT}/Manifest.lock\" > /dev/null\nif [ $? != 0 ] ; then\n    # print error to STDERR\n    echo \"error: The sandbox is not in sync with the Podfile.lock. Run 'pod install' or update your CocoaPods installation.\" >&2\n    exit 1\nfi\n# This output is used by Xcode 'outputs' to avoid re-running this script phase.\necho \"SUCCESS\" > \"${SCRIPT_OUTPUT_FILE_0}\"\n";
			showEnvVarsInLog = 0;
		};
		A4D8F08F0717424F4D7F4159 /* [CP] Copy Pods Resources */ = {
			isa = PBXShellScriptBuildPhase;
			buildActionMask = 2147483647;
			files = (
			);
			inputFileListPaths = (
				"${PODS_ROOT}/Target Support Files/Pods-CatGram/Pods-CatGram-resources-${CONFIGURATION}-input-files.xcfilelist",
			);
			name = "[CP] Copy Pods Resources";
			outputFileListPaths = (
				"${PODS_ROOT}/Target Support Files/Pods-CatGram/Pods-CatGram-resources-${CONFIGURATION}-output-files.xcfilelist",
			);
			runOnlyForDeploymentPostprocessing = 0;
			shellPath = /bin/sh;
			shellScript = "\"${PODS_ROOT}/Target Support Files/Pods-CatGram/Pods-CatGram-resources.sh\"\n";
			showEnvVarsInLog = 0;
		};
		C91071F31CDD66E3CD9C477E /* [CP] Embed Pods Frameworks */ = {
			isa = PBXShellScriptBuildPhase;
			buildActionMask = 2147483647;
			files = (
			);
			inputFileListPaths = (
				"${PODS_ROOT}/Target Support Files/Pods-CatGram/Pods-CatGram-frameworks-${CONFIGURATION}-input-files.xcfilelist",
			);
			name = "[CP] Embed Pods Frameworks";
			outputFileListPaths = (
				"${PODS_ROOT}/Target Support Files/Pods-CatGram/Pods-CatGram-frameworks-${CONFIGURATION}-output-files.xcfilelist",
			);
			runOnlyForDeploymentPostprocessing = 0;
			shellPath = /bin/sh;
			shellScript = "\"${PODS_ROOT}/Target Support Files/Pods-CatGram/Pods-CatGram-frameworks.sh\"\n";
			showEnvVarsInLog = 0;
		};
/* End PBXShellScriptBuildPhase section */

/* Begin PBXSourcesBuildPhase section */
		0401869225B0E7AC003B34AA /* Sources */ = {
			isa = PBXSourcesBuildPhase;
			buildActionMask = 2147483647;
			files = (
				040186B925B0F33C003B34AA /* FeedView.swift in Sources */,
				04DB151425B258B60088E069 /* SignInWithAppleButtonCustom.swift in Sources */,
				040186C025B0FC14003B34AA /* PostModel.swift in Sources */,
				04DB150225B235640088E069 /* SettingsLabelView.swift in Sources */,
				040095F525B618560049722C /* SignInWithGoogle.swift in Sources */,
				04DB14EC25B218880088E069 /* PostImageView.swift in Sources */,
				04DB150E25B253480088E069 /* SignUpView.swift in Sources */,
				0401869C25B0E7AC003B34AA /* ContentView.swift in Sources */,
				1294AEFE269D37AE00ADE6EA /* AuthViewModel.swift in Sources */,
				040186CA25B111C1003B34AA /* MessageView.swift in Sources */,
				040186D425B1E0A2003B34AA /* BrowserView.swift in Sources */,
				040186B525B0F248003B34AA /* Extensions.swift in Sources */,
				0400963525B6377D0049722C /* ImageManager.swift in Sources */,
				040186DA25B1E81A003B34AA /* ImageGridView.swift in Sources */,
				040186C425B10056003B34AA /* PostArrayObject.swift in Sources */,
				04DB14EF25B224A10088E069 /* ProfileView.swift in Sources */,
				040186BC25B0F4C6003B34AA /* PostView.swift in Sources */,
				0400977325B7743E0049722C /* LazyView.swift in Sources */,
				1205785425B5447900EF7DBC /* LikeAnimationView.swift in Sources */,
				040186CD25B112D3003B34AA /* CommentModel.swift in Sources */,
				04DB150B25B2460D0088E069 /* SettingsEditImageView.swift in Sources */,
				040186C725B10E24003B34AA /* CommentsView.swift in Sources */,
				0400961725B631FE0049722C /* Enums & Structs.swift in Sources */,
				1294AF00269D39C900ADE6EA /* User.swift in Sources */,
				04DB14F225B2257A0088E069 /* ProfileHeaderView.swift in Sources */,
				04B18E4E25B1EF6700EBBF0E /* UploadView.swift in Sources */,
				04DB151125B256A60088E069 /* OnboardingView.swift in Sources */,
				04B18E5125B1F24400EBBF0E /* ImagePicker.swift in Sources */,
				0400977625B8A3E40049722C /* AnalyticsService.swift in Sources */,
				040186D725B1E135003B34AA /* CarouselView.swift in Sources */,
				0401869A25B0E7AC003B34AA /* CatGramApp.swift in Sources */,
				0400975625B730990049722C /* DataService.swift in Sources */,
				04DB14F525B2311F0088E069 /* SettingsView.swift in Sources */,
				04DB150825B23D950088E069 /* SettingsEditTextView.swift in Sources */,
				040095F925B621400049722C /* AuthService.swift in Sources */,
				04DB151725B25B500088E069 /* OnboardingViewPart2.swift in Sources */,
				04DB150525B237FA0088E069 /* SettingsRowView.swift in Sources */,
			);
			runOnlyForDeploymentPostprocessing = 0;
		};
/* End PBXSourcesBuildPhase section */

/* Begin XCBuildConfiguration section */
		040186A325B0E7B0003B34AA /* Debug */ = {
			isa = XCBuildConfiguration;
			buildSettings = {
				ALWAYS_SEARCH_USER_PATHS = NO;
				CLANG_ANALYZER_NONNULL = YES;
				CLANG_ANALYZER_NUMBER_OBJECT_CONVERSION = YES_AGGRESSIVE;
				CLANG_CXX_LANGUAGE_STANDARD = "gnu++14";
				CLANG_CXX_LIBRARY = "libc++";
				CLANG_ENABLE_MODULES = YES;
				CLANG_ENABLE_OBJC_ARC = YES;
				CLANG_ENABLE_OBJC_WEAK = YES;
				CLANG_WARN_BLOCK_CAPTURE_AUTORELEASING = YES;
				CLANG_WARN_BOOL_CONVERSION = YES;
				CLANG_WARN_COMMA = YES;
				CLANG_WARN_CONSTANT_CONVERSION = YES;
				CLANG_WARN_DEPRECATED_OBJC_IMPLEMENTATIONS = YES;
				CLANG_WARN_DIRECT_OBJC_ISA_USAGE = YES_ERROR;
				CLANG_WARN_DOCUMENTATION_COMMENTS = YES;
				CLANG_WARN_EMPTY_BODY = YES;
				CLANG_WARN_ENUM_CONVERSION = YES;
				CLANG_WARN_INFINITE_RECURSION = YES;
				CLANG_WARN_INT_CONVERSION = YES;
				CLANG_WARN_NON_LITERAL_NULL_CONVERSION = YES;
				CLANG_WARN_OBJC_IMPLICIT_RETAIN_SELF = YES;
				CLANG_WARN_OBJC_LITERAL_CONVERSION = YES;
				CLANG_WARN_OBJC_ROOT_CLASS = YES_ERROR;
				CLANG_WARN_QUOTED_INCLUDE_IN_FRAMEWORK_HEADER = YES;
				CLANG_WARN_RANGE_LOOP_ANALYSIS = YES;
				CLANG_WARN_STRICT_PROTOTYPES = YES;
				CLANG_WARN_SUSPICIOUS_MOVE = YES;
				CLANG_WARN_UNGUARDED_AVAILABILITY = YES_AGGRESSIVE;
				CLANG_WARN_UNREACHABLE_CODE = YES;
				CLANG_WARN__DUPLICATE_METHOD_MATCH = YES;
				COPY_PHASE_STRIP = NO;
				DEBUG_INFORMATION_FORMAT = dwarf;
				ENABLE_STRICT_OBJC_MSGSEND = YES;
				ENABLE_TESTABILITY = YES;
				GCC_C_LANGUAGE_STANDARD = gnu11;
				GCC_DYNAMIC_NO_PIC = NO;
				GCC_NO_COMMON_BLOCKS = YES;
				GCC_OPTIMIZATION_LEVEL = 0;
				GCC_PREPROCESSOR_DEFINITIONS = (
					"DEBUG=1",
					"$(inherited)",
				);
				GCC_WARN_64_TO_32_BIT_CONVERSION = YES;
				GCC_WARN_ABOUT_RETURN_TYPE = YES_ERROR;
				GCC_WARN_UNDECLARED_SELECTOR = YES;
				GCC_WARN_UNINITIALIZED_AUTOS = YES_AGGRESSIVE;
				GCC_WARN_UNUSED_FUNCTION = YES;
				GCC_WARN_UNUSED_VARIABLE = YES;
				IPHONEOS_DEPLOYMENT_TARGET = 14.3;
				MTL_ENABLE_DEBUG_INFO = INCLUDE_SOURCE;
				MTL_FAST_MATH = YES;
				ONLY_ACTIVE_ARCH = YES;
				SDKROOT = iphoneos;
				SWIFT_ACTIVE_COMPILATION_CONDITIONS = DEBUG;
				SWIFT_OPTIMIZATION_LEVEL = "-Onone";
			};
			name = Debug;
		};
		040186A425B0E7B0003B34AA /* Release */ = {
			isa = XCBuildConfiguration;
			buildSettings = {
				ALWAYS_SEARCH_USER_PATHS = NO;
				CLANG_ANALYZER_NONNULL = YES;
				CLANG_ANALYZER_NUMBER_OBJECT_CONVERSION = YES_AGGRESSIVE;
				CLANG_CXX_LANGUAGE_STANDARD = "gnu++14";
				CLANG_CXX_LIBRARY = "libc++";
				CLANG_ENABLE_MODULES = YES;
				CLANG_ENABLE_OBJC_ARC = YES;
				CLANG_ENABLE_OBJC_WEAK = YES;
				CLANG_WARN_BLOCK_CAPTURE_AUTORELEASING = YES;
				CLANG_WARN_BOOL_CONVERSION = YES;
				CLANG_WARN_COMMA = YES;
				CLANG_WARN_CONSTANT_CONVERSION = YES;
				CLANG_WARN_DEPRECATED_OBJC_IMPLEMENTATIONS = YES;
				CLANG_WARN_DIRECT_OBJC_ISA_USAGE = YES_ERROR;
				CLANG_WARN_DOCUMENTATION_COMMENTS = YES;
				CLANG_WARN_EMPTY_BODY = YES;
				CLANG_WARN_ENUM_CONVERSION = YES;
				CLANG_WARN_INFINITE_RECURSION = YES;
				CLANG_WARN_INT_CONVERSION = YES;
				CLANG_WARN_NON_LITERAL_NULL_CONVERSION = YES;
				CLANG_WARN_OBJC_IMPLICIT_RETAIN_SELF = YES;
				CLANG_WARN_OBJC_LITERAL_CONVERSION = YES;
				CLANG_WARN_OBJC_ROOT_CLASS = YES_ERROR;
				CLANG_WARN_QUOTED_INCLUDE_IN_FRAMEWORK_HEADER = YES;
				CLANG_WARN_RANGE_LOOP_ANALYSIS = YES;
				CLANG_WARN_STRICT_PROTOTYPES = YES;
				CLANG_WARN_SUSPICIOUS_MOVE = YES;
				CLANG_WARN_UNGUARDED_AVAILABILITY = YES_AGGRESSIVE;
				CLANG_WARN_UNREACHABLE_CODE = YES;
				CLANG_WARN__DUPLICATE_METHOD_MATCH = YES;
				COPY_PHASE_STRIP = NO;
				DEBUG_INFORMATION_FORMAT = "dwarf-with-dsym";
				ENABLE_NS_ASSERTIONS = NO;
				ENABLE_STRICT_OBJC_MSGSEND = YES;
				GCC_C_LANGUAGE_STANDARD = gnu11;
				GCC_NO_COMMON_BLOCKS = YES;
				GCC_WARN_64_TO_32_BIT_CONVERSION = YES;
				GCC_WARN_ABOUT_RETURN_TYPE = YES_ERROR;
				GCC_WARN_UNDECLARED_SELECTOR = YES;
				GCC_WARN_UNINITIALIZED_AUTOS = YES_AGGRESSIVE;
				GCC_WARN_UNUSED_FUNCTION = YES;
				GCC_WARN_UNUSED_VARIABLE = YES;
				IPHONEOS_DEPLOYMENT_TARGET = 14.3;
				MTL_ENABLE_DEBUG_INFO = NO;
				MTL_FAST_MATH = YES;
				SDKROOT = iphoneos;
				SWIFT_COMPILATION_MODE = wholemodule;
				SWIFT_OPTIMIZATION_LEVEL = "-O";
				VALIDATE_PRODUCT = YES;
			};
			name = Release;
		};
		040186A625B0E7B0003B34AA /* Debug */ = {
			isa = XCBuildConfiguration;
			baseConfigurationReference = 1C9AD9BF0C0136A16146ED99 /* Pods-CatGram.debug.xcconfig */;
			buildSettings = {
				ASSETCATALOG_COMPILER_APPICON_NAME = AppIcon;
				ASSETCATALOG_COMPILER_GLOBAL_ACCENT_COLOR_NAME = AccentColor;
				CODE_SIGN_STYLE = Automatic;
				DEVELOPMENT_ASSET_PATHS = "\"CatGram/Preview Content\"";
				DEVELOPMENT_TEAM = U59FZGU2KP;
				ENABLE_PREVIEWS = YES;
				INFOPLIST_FILE = CatGram/Info.plist;
				IPHONEOS_DEPLOYMENT_TARGET = 14.0;
				LD_RUNPATH_SEARCH_PATHS = (
					"$(inherited)",
					"@executable_path/Frameworks",
				);
				NEW_SETTING = "";
				PRODUCT_BUNDLE_IDENTIFIER = com.moby.CatGram;
				PRODUCT_NAME = "$(TARGET_NAME)";
				SWIFT_VERSION = 5.0;
				TARGETED_DEVICE_FAMILY = 1;
			};
			name = Debug;
		};
		040186A725B0E7B0003B34AA /* Release */ = {
			isa = XCBuildConfiguration;
			baseConfigurationReference = 1B7721A2096EDCE65EEDB05E /* Pods-CatGram.release.xcconfig */;
			buildSettings = {
				ASSETCATALOG_COMPILER_APPICON_NAME = AppIcon;
				ASSETCATALOG_COMPILER_GLOBAL_ACCENT_COLOR_NAME = AccentColor;
				CODE_SIGN_STYLE = Automatic;
				DEVELOPMENT_ASSET_PATHS = "\"CatGram/Preview Content\"";
				DEVELOPMENT_TEAM = U59FZGU2KP;
				ENABLE_PREVIEWS = YES;
				INFOPLIST_FILE = CatGram/Info.plist;
				IPHONEOS_DEPLOYMENT_TARGET = 14.0;
				LD_RUNPATH_SEARCH_PATHS = (
					"$(inherited)",
					"@executable_path/Frameworks",
				);
				NEW_SETTING = "";
				PRODUCT_BUNDLE_IDENTIFIER = com.moby.CatGram;
				PRODUCT_NAME = "$(TARGET_NAME)";
				SWIFT_VERSION = 5.0;
				TARGETED_DEVICE_FAMILY = 1;
			};
			name = Release;
		};
/* End XCBuildConfiguration section */

/* Begin XCConfigurationList section */
		0401869125B0E7AC003B34AA /* Build configuration list for PBXProject "CatGram" */ = {
			isa = XCConfigurationList;
			buildConfigurations = (
				040186A325B0E7B0003B34AA /* Debug */,
				040186A425B0E7B0003B34AA /* Release */,
			);
			defaultConfigurationIsVisible = 0;
			defaultConfigurationName = Release;
		};
		040186A525B0E7B0003B34AA /* Build configuration list for PBXNativeTarget "CatGram" */ = {
			isa = XCConfigurationList;
			buildConfigurations = (
				040186A625B0E7B0003B34AA /* Debug */,
				040186A725B0E7B0003B34AA /* Release */,
			);
			defaultConfigurationIsVisible = 0;
			defaultConfigurationName = Release;
		};
/* End XCConfigurationList section */
	};
	rootObject = 0401868E25B0E7AC003B34AA /* Project object */;
}
